// !$*UTF8*$!
{
	archiveVersion = 1;
	classes = {
	};
	objectVersion = 56;
	objects = {

/* Begin PBXBuildFile section */
		F62D524B2935ACAA00C608A4 /* ViewBuildersApp.swift in Sources */ = {isa = PBXBuildFile; fileRef = F62D524A2935ACAA00C608A4 /* ViewBuildersApp.swift */; };
		F62D524F2935ACAB00C608A4 /* Assets.xcassets in Resources */ = {isa = PBXBuildFile; fileRef = F62D524E2935ACAB00C608A4 /* Assets.xcassets */; };
		F62D52522935ACAB00C608A4 /* Preview Assets.xcassets in Resources */ = {isa = PBXBuildFile; fileRef = F62D52512935ACAB00C608A4 /* Preview Assets.xcassets */; };
		F62D525C2935ACAB00C608A4 /* ViewBuildersTests.swift in Sources */ = {isa = PBXBuildFile; fileRef = F62D525B2935ACAB00C608A4 /* ViewBuildersTests.swift */; };
		F62D52662935ACAB00C608A4 /* ViewBuildersUITests.swift in Sources */ = {isa = PBXBuildFile; fileRef = F62D52652935ACAB00C608A4 /* ViewBuildersUITests.swift */; };
		F62D52682935ACAB00C608A4 /* ViewBuildersUITestsLaunchTests.swift in Sources */ = {isa = PBXBuildFile; fileRef = F62D52672935ACAB00C608A4 /* ViewBuildersUITestsLaunchTests.swift */; };
		F62D52772935B05800C608A4 /* I1_Home.swift in Sources */ = {isa = PBXBuildFile; fileRef = F62D52762935B05800C608A4 /* I1_Home.swift */; };
		F62D52792935B21900C608A4 /* I1_RollingText.swift in Sources */ = {isa = PBXBuildFile; fileRef = F62D52782935B21900C608A4 /* I1_RollingText.swift */; };
		F62D527B2935C69000C608A4 /* I1_README.md in Resources */ = {isa = PBXBuildFile; fileRef = F62D527A2935C69000C608A4 /* I1_README.md */; };
		F62D527D2935D54C00C608A4 /* ItemsProvider.swift in Sources */ = {isa = PBXBuildFile; fileRef = F62D527C2935D54C00C608A4 /* ItemsProvider.swift */; };
		F62D527F2935DED700C608A4 /* ContentView.swift in Sources */ = {isa = PBXBuildFile; fileRef = F62D527E2935DED700C608A4 /* ContentView.swift */; };
/* End PBXBuildFile section */

/* Begin PBXContainerItemProxy section */
		F62D52582935ACAB00C608A4 /* PBXContainerItemProxy */ = {
			isa = PBXContainerItemProxy;
			containerPortal = F62D523F2935ACAA00C608A4 /* Project object */;
			proxyType = 1;
			remoteGlobalIDString = F62D52462935ACAA00C608A4;
			remoteInfo = ViewBuilders;
		};
		F62D52622935ACAB00C608A4 /* PBXContainerItemProxy */ = {
			isa = PBXContainerItemProxy;
			containerPortal = F62D523F2935ACAA00C608A4 /* Project object */;
			proxyType = 1;
			remoteGlobalIDString = F62D52462935ACAA00C608A4;
			remoteInfo = ViewBuilders;
		};
/* End PBXContainerItemProxy section */

/* Begin PBXFileReference section */
		F62D52472935ACAA00C608A4 /* ViewBuilders.app */ = {isa = PBXFileReference; explicitFileType = wrapper.application; includeInIndex = 0; path = ViewBuilders.app; sourceTree = BUILT_PRODUCTS_DIR; };
		F62D524A2935ACAA00C608A4 /* ViewBuildersApp.swift */ = {isa = PBXFileReference; lastKnownFileType = sourcecode.swift; path = ViewBuildersApp.swift; sourceTree = "<group>"; };
		F62D524E2935ACAB00C608A4 /* Assets.xcassets */ = {isa = PBXFileReference; lastKnownFileType = folder.assetcatalog; path = Assets.xcassets; sourceTree = "<group>"; };
		F62D52512935ACAB00C608A4 /* Preview Assets.xcassets */ = {isa = PBXFileReference; lastKnownFileType = folder.assetcatalog; path = "Preview Assets.xcassets"; sourceTree = "<group>"; };
		F62D52572935ACAB00C608A4 /* ViewBuildersTests.xctest */ = {isa = PBXFileReference; explicitFileType = wrapper.cfbundle; includeInIndex = 0; path = ViewBuildersTests.xctest; sourceTree = BUILT_PRODUCTS_DIR; };
		F62D525B2935ACAB00C608A4 /* ViewBuildersTests.swift */ = {isa = PBXFileReference; lastKnownFileType = sourcecode.swift; path = ViewBuildersTests.swift; sourceTree = "<group>"; };
		F62D52612935ACAB00C608A4 /* ViewBuildersUITests.xctest */ = {isa = PBXFileReference; explicitFileType = wrapper.cfbundle; includeInIndex = 0; path = ViewBuildersUITests.xctest; sourceTree = BUILT_PRODUCTS_DIR; };
		F62D52652935ACAB00C608A4 /* ViewBuildersUITests.swift */ = {isa = PBXFileReference; lastKnownFileType = sourcecode.swift; path = ViewBuildersUITests.swift; sourceTree = "<group>"; };
		F62D52672935ACAB00C608A4 /* ViewBuildersUITestsLaunchTests.swift */ = {isa = PBXFileReference; lastKnownFileType = sourcecode.swift; path = ViewBuildersUITestsLaunchTests.swift; sourceTree = "<group>"; };
		F62D52762935B05800C608A4 /* I1_Home.swift */ = {isa = PBXFileReference; lastKnownFileType = sourcecode.swift; path = I1_Home.swift; sourceTree = "<group>"; };
		F62D52782935B21900C608A4 /* I1_RollingText.swift */ = {isa = PBXFileReference; lastKnownFileType = sourcecode.swift; path = I1_RollingText.swift; sourceTree = "<group>"; };
		F62D527A2935C69000C608A4 /* I1_README.md */ = {isa = PBXFileReference; lastKnownFileType = net.daringfireball.markdown; path = I1_README.md; sourceTree = "<group>"; };
		F62D527C2935D54C00C608A4 /* ItemsProvider.swift */ = {isa = PBXFileReference; lastKnownFileType = sourcecode.swift; path = ItemsProvider.swift; sourceTree = "<group>"; };
		F62D527E2935DED700C608A4 /* ContentView.swift */ = {isa = PBXFileReference; lastKnownFileType = sourcecode.swift; path = ContentView.swift; sourceTree = "<group>"; };
/* End PBXFileReference section */

/* Begin PBXFrameworksBuildPhase section */
		F62D52442935ACAA00C608A4 /* Frameworks */ = {
			isa = PBXFrameworksBuildPhase;
			buildActionMask = 2147483647;
			files = (
			);
			runOnlyForDeploymentPostprocessing = 0;
		};
		F62D52542935ACAB00C608A4 /* Frameworks */ = {
			isa = PBXFrameworksBuildPhase;
			buildActionMask = 2147483647;
			files = (
			);
			runOnlyForDeploymentPostprocessing = 0;
		};
		F62D525E2935ACAB00C608A4 /* Frameworks */ = {
			isa = PBXFrameworksBuildPhase;
			buildActionMask = 2147483647;
			files = (
			);
			runOnlyForDeploymentPostprocessing = 0;
		};
/* End PBXFrameworksBuildPhase section */

/* Begin PBXGroup section */
		F62D523E2935ACAA00C608A4 = {
			isa = PBXGroup;
			children = (
				F62D52492935ACAA00C608A4 /* ViewBuilders */,
				F62D525A2935ACAB00C608A4 /* ViewBuildersTests */,
				F62D52642935ACAB00C608A4 /* ViewBuildersUITests */,
				F62D52482935ACAA00C608A4 /* Products */,
			);
			sourceTree = "<group>";
		};
		F62D52482935ACAA00C608A4 /* Products */ = {
			isa = PBXGroup;
			children = (
				F62D52472935ACAA00C608A4 /* ViewBuilders.app */,
				F62D52572935ACAB00C608A4 /* ViewBuildersTests.xctest */,
				F62D52612935ACAB00C608A4 /* ViewBuildersUITests.xctest */,
			);
			name = Products;
			sourceTree = "<group>";
		};
		F62D52492935ACAA00C608A4 /* ViewBuilders */ = {
			isa = PBXGroup;
			children = (
				F62D524A2935ACAA00C608A4 /* ViewBuildersApp.swift */,
				F62D527E2935DED700C608A4 /* ContentView.swift */,
				F62D52742935AE0700C608A4 /* Items */,
				F62D524E2935ACAB00C608A4 /* Assets.xcassets */,
				F62D52502935ACAB00C608A4 /* Preview Content */,
			);
			path = ViewBuilders;
			sourceTree = "<group>";
		};
		F62D52502935ACAB00C608A4 /* Preview Content */ = {
			isa = PBXGroup;
			children = (
				F62D52512935ACAB00C608A4 /* Preview Assets.xcassets */,
			);
			path = "Preview Content";
			sourceTree = "<group>";
		};
		F62D525A2935ACAB00C608A4 /* ViewBuildersTests */ = {
			isa = PBXGroup;
			children = (
				F62D525B2935ACAB00C608A4 /* ViewBuildersTests.swift */,
			);
			path = ViewBuildersTests;
			sourceTree = "<group>";
		};
		F62D52642935ACAB00C608A4 /* ViewBuildersUITests */ = {
			isa = PBXGroup;
			children = (
				F62D52652935ACAB00C608A4 /* ViewBuildersUITests.swift */,
				F62D52672935ACAB00C608A4 /* ViewBuildersUITestsLaunchTests.swift */,
			);
			path = ViewBuildersUITests;
			sourceTree = "<group>";
		};
		F62D52742935AE0700C608A4 /* Items */ = {
			isa = PBXGroup;
			children = (
				F62D527C2935D54C00C608A4 /* ItemsProvider.swift */,
				F62D52752935AF0600C608A4 /* I1_WalletAnimation */,
			);
			path = Items;
			sourceTree = "<group>";
		};
		F62D52752935AF0600C608A4 /* I1_WalletAnimation */ = {
			isa = PBXGroup;
			children = (
				F62D527A2935C69000C608A4 /* I1_README.md */,
				F62D52762935B05800C608A4 /* I1_Home.swift */,
				F62D52782935B21900C608A4 /* I1_RollingText.swift */,
			);
			path = I1_WalletAnimation;
			sourceTree = "<group>";
		};
/* End PBXGroup section */

/* Begin PBXNativeTarget section */
		F62D52462935ACAA00C608A4 /* ViewBuilders */ = {
			isa = PBXNativeTarget;
			buildConfigurationList = F62D526B2935ACAB00C608A4 /* Build configuration list for PBXNativeTarget "ViewBuilders" */;
			buildPhases = (
				F62D52432935ACAA00C608A4 /* Sources */,
				F62D52442935ACAA00C608A4 /* Frameworks */,
				F62D52452935ACAA00C608A4 /* Resources */,
			);
			buildRules = (
			);
			dependencies = (
			);
			name = ViewBuilders;
			productName = ViewBuilders;
			productReference = F62D52472935ACAA00C608A4 /* ViewBuilders.app */;
			productType = "com.apple.product-type.application";
		};
		F62D52562935ACAB00C608A4 /* ViewBuildersTests */ = {
			isa = PBXNativeTarget;
			buildConfigurationList = F62D526E2935ACAB00C608A4 /* Build configuration list for PBXNativeTarget "ViewBuildersTests" */;
			buildPhases = (
				F62D52532935ACAB00C608A4 /* Sources */,
				F62D52542935ACAB00C608A4 /* Frameworks */,
				F62D52552935ACAB00C608A4 /* Resources */,
			);
			buildRules = (
			);
			dependencies = (
				F62D52592935ACAB00C608A4 /* PBXTargetDependency */,
			);
			name = ViewBuildersTests;
			productName = ViewBuildersTests;
			productReference = F62D52572935ACAB00C608A4 /* ViewBuildersTests.xctest */;
			productType = "com.apple.product-type.bundle.unit-test";
		};
		F62D52602935ACAB00C608A4 /* ViewBuildersUITests */ = {
			isa = PBXNativeTarget;
			buildConfigurationList = F62D52712935ACAB00C608A4 /* Build configuration list for PBXNativeTarget "ViewBuildersUITests" */;
			buildPhases = (
				F62D525D2935ACAB00C608A4 /* Sources */,
				F62D525E2935ACAB00C608A4 /* Frameworks */,
				F62D525F2935ACAB00C608A4 /* Resources */,
			);
			buildRules = (
			);
			dependencies = (
				F62D52632935ACAB00C608A4 /* PBXTargetDependency */,
			);
			name = ViewBuildersUITests;
			productName = ViewBuildersUITests;
			productReference = F62D52612935ACAB00C608A4 /* ViewBuildersUITests.xctest */;
			productType = "com.apple.product-type.bundle.ui-testing";
		};
/* End PBXNativeTarget section */

/* Begin PBXProject section */
		F62D523F2935ACAA00C608A4 /* Project object */ = {
			isa = PBXProject;
			attributes = {
				BuildIndependentTargetsInParallel = 1;
				LastSwiftUpdateCheck = 1400;
				LastUpgradeCheck = 1400;
				TargetAttributes = {
					F62D52462935ACAA00C608A4 = {
						CreatedOnToolsVersion = 14.0.1;
					};
					F62D52562935ACAB00C608A4 = {
						CreatedOnToolsVersion = 14.0.1;
						TestTargetID = F62D52462935ACAA00C608A4;
					};
					F62D52602935ACAB00C608A4 = {
						CreatedOnToolsVersion = 14.0.1;
						TestTargetID = F62D52462935ACAA00C608A4;
					};
				};
			};
			buildConfigurationList = F62D52422935ACAA00C608A4 /* Build configuration list for PBXProject "ViewBuilders" */;
			compatibilityVersion = "Xcode 14.0";
			developmentRegion = en;
			hasScannedForEncodings = 0;
			knownRegions = (
				en,
				Base,
			);
			mainGroup = F62D523E2935ACAA00C608A4;
			productRefGroup = F62D52482935ACAA00C608A4 /* Products */;
			projectDirPath = "";
			projectRoot = "";
			targets = (
				F62D52462935ACAA00C608A4 /* ViewBuilders */,
				F62D52562935ACAB00C608A4 /* ViewBuildersTests */,
				F62D52602935ACAB00C608A4 /* ViewBuildersUITests */,
			);
		};
/* End PBXProject section */

/* Begin PBXResourcesBuildPhase section */
		F62D52452935ACAA00C608A4 /* Resources */ = {
			isa = PBXResourcesBuildPhase;
			buildActionMask = 2147483647;
			files = (
				F62D52522935ACAB00C608A4 /* Preview Assets.xcassets in Resources */,
				F62D524F2935ACAB00C608A4 /* Assets.xcassets in Resources */,
				F62D527B2935C69000C608A4 /* I1_README.md in Resources */,
			);
			runOnlyForDeploymentPostprocessing = 0;
		};
		F62D52552935ACAB00C608A4 /* Resources */ = {
			isa = PBXResourcesBuildPhase;
			buildActionMask = 2147483647;
			files = (
			);
			runOnlyForDeploymentPostprocessing = 0;
		};
		F62D525F2935ACAB00C608A4 /* Resources */ = {
			isa = PBXResourcesBuildPhase;
			buildActionMask = 2147483647;
			files = (
			);
			runOnlyForDeploymentPostprocessing = 0;
		};
/* End PBXResourcesBuildPhase section */

/* Begin PBXSourcesBuildPhase section */
		F62D52432935ACAA00C608A4 /* Sources */ = {
			isa = PBXSourcesBuildPhase;
			buildActionMask = 2147483647;
			files = (
				F62D52792935B21900C608A4 /* I1_RollingText.swift in Sources */,
				F62D527F2935DED700C608A4 /* ContentView.swift in Sources */,
				F62D52772935B05800C608A4 /* I1_Home.swift in Sources */,
				F62D527D2935D54C00C608A4 /* ItemsProvider.swift in Sources */,
				F62D524B2935ACAA00C608A4 /* ViewBuildersApp.swift in Sources */,
			);
			runOnlyForDeploymentPostprocessing = 0;
		};
		F62D52532935ACAB00C608A4 /* Sources */ = {
			isa = PBXSourcesBuildPhase;
			buildActionMask = 2147483647;
			files = (
				F62D525C2935ACAB00C608A4 /* ViewBuildersTests.swift in Sources */,
			);
			runOnlyForDeploymentPostprocessing = 0;
		};
		F62D525D2935ACAB00C608A4 /* Sources */ = {
			isa = PBXSourcesBuildPhase;
			buildActionMask = 2147483647;
			files = (
				F62D52662935ACAB00C608A4 /* ViewBuildersUITests.swift in Sources */,
				F62D52682935ACAB00C608A4 /* ViewBuildersUITestsLaunchTests.swift in Sources */,
			);
			runOnlyForDeploymentPostprocessing = 0;
		};
/* End PBXSourcesBuildPhase section */

/* Begin PBXTargetDependency section */
		F62D52592935ACAB00C608A4 /* PBXTargetDependency */ = {
			isa = PBXTargetDependency;
			target = F62D52462935ACAA00C608A4 /* ViewBuilders */;
			targetProxy = F62D52582935ACAB00C608A4 /* PBXContainerItemProxy */;
		};
		F62D52632935ACAB00C608A4 /* PBXTargetDependency */ = {
			isa = PBXTargetDependency;
			target = F62D52462935ACAA00C608A4 /* ViewBuilders */;
			targetProxy = F62D52622935ACAB00C608A4 /* PBXContainerItemProxy */;
		};
/* End PBXTargetDependency section */

/* Begin XCBuildConfiguration section */
		F62D52692935ACAB00C608A4 /* Debug */ = {
			isa = XCBuildConfiguration;
			buildSettings = {
				ALWAYS_SEARCH_USER_PATHS = NO;
				CLANG_ANALYZER_NONNULL = YES;
				CLANG_ANALYZER_NUMBER_OBJECT_CONVERSION = YES_AGGRESSIVE;
				CLANG_CXX_LANGUAGE_STANDARD = "gnu++20";
				CLANG_ENABLE_MODULES = YES;
				CLANG_ENABLE_OBJC_ARC = YES;
				CLANG_ENABLE_OBJC_WEAK = YES;
				CLANG_WARN_BLOCK_CAPTURE_AUTORELEASING = YES;
				CLANG_WARN_BOOL_CONVERSION = YES;
				CLANG_WARN_COMMA = YES;
				CLANG_WARN_CONSTANT_CONVERSION = YES;
				CLANG_WARN_DEPRECATED_OBJC_IMPLEMENTATIONS = YES;
				CLANG_WARN_DIRECT_OBJC_ISA_USAGE = YES_ERROR;
				CLANG_WARN_DOCUMENTATION_COMMENTS = YES;
				CLANG_WARN_EMPTY_BODY = YES;
				CLANG_WARN_ENUM_CONVERSION = YES;
				CLANG_WARN_INFINITE_RECURSION = YES;
				CLANG_WARN_INT_CONVERSION = YES;
				CLANG_WARN_NON_LITERAL_NULL_CONVERSION = YES;
				CLANG_WARN_OBJC_IMPLICIT_RETAIN_SELF = YES;
				CLANG_WARN_OBJC_LITERAL_CONVERSION = YES;
				CLANG_WARN_OBJC_ROOT_CLASS = YES_ERROR;
				CLANG_WARN_QUOTED_INCLUDE_IN_FRAMEWORK_HEADER = YES;
				CLANG_WARN_RANGE_LOOP_ANALYSIS = YES;
				CLANG_WARN_STRICT_PROTOTYPES = YES;
				CLANG_WARN_SUSPICIOUS_MOVE = YES;
				CLANG_WARN_UNGUARDED_AVAILABILITY = YES_AGGRESSIVE;
				CLANG_WARN_UNREACHABLE_CODE = YES;
				CLANG_WARN__DUPLICATE_METHOD_MATCH = YES;
				COPY_PHASE_STRIP = NO;
				DEBUG_INFORMATION_FORMAT = dwarf;
				ENABLE_STRICT_OBJC_MSGSEND = YES;
				ENABLE_TESTABILITY = YES;
				GCC_C_LANGUAGE_STANDARD = gnu11;
				GCC_DYNAMIC_NO_PIC = NO;
				GCC_NO_COMMON_BLOCKS = YES;
				GCC_OPTIMIZATION_LEVEL = 0;
				GCC_PREPROCESSOR_DEFINITIONS = (
					"DEBUG=1",
					"$(inherited)",
				);
				GCC_WARN_64_TO_32_BIT_CONVERSION = YES;
				GCC_WARN_ABOUT_RETURN_TYPE = YES_ERROR;
				GCC_WARN_UNDECLARED_SELECTOR = YES;
				GCC_WARN_UNINITIALIZED_AUTOS = YES_AGGRESSIVE;
				GCC_WARN_UNUSED_FUNCTION = YES;
				GCC_WARN_UNUSED_VARIABLE = YES;
				IPHONEOS_DEPLOYMENT_TARGET = 16.0;
				MTL_ENABLE_DEBUG_INFO = INCLUDE_SOURCE;
				MTL_FAST_MATH = YES;
				ONLY_ACTIVE_ARCH = YES;
				SDKROOT = iphoneos;
				SWIFT_ACTIVE_COMPILATION_CONDITIONS = DEBUG;
				SWIFT_OPTIMIZATION_LEVEL = "-Onone";
			};
			name = Debug;
		};
		F62D526A2935ACAB00C608A4 /* Release */ = {
			isa = XCBuildConfiguration;
			buildSettings = {
				ALWAYS_SEARCH_USER_PATHS = NO;
				CLANG_ANALYZER_NONNULL = YES;
				CLANG_ANALYZER_NUMBER_OBJECT_CONVERSION = YES_AGGRESSIVE;
				CLANG_CXX_LANGUAGE_STANDARD = "gnu++20";
				CLANG_ENABLE_MODULES = YES;
				CLANG_ENABLE_OBJC_ARC = YES;
				CLANG_ENABLE_OBJC_WEAK = YES;
				CLANG_WARN_BLOCK_CAPTURE_AUTORELEASING = YES;
				CLANG_WARN_BOOL_CONVERSION = YES;
				CLANG_WARN_COMMA = YES;
				CLANG_WARN_CONSTANT_CONVERSION = YES;
				CLANG_WARN_DEPRECATED_OBJC_IMPLEMENTATIONS = YES;
				CLANG_WARN_DIRECT_OBJC_ISA_USAGE = YES_ERROR;
				CLANG_WARN_DOCUMENTATION_COMMENTS = YES;
				CLANG_WARN_EMPTY_BODY = YES;
				CLANG_WARN_ENUM_CONVERSION = YES;
				CLANG_WARN_INFINITE_RECURSION = YES;
				CLANG_WARN_INT_CONVERSION = YES;
				CLANG_WARN_NON_LITERAL_NULL_CONVERSION = YES;
				CLANG_WARN_OBJC_IMPLICIT_RETAIN_SELF = YES;
				CLANG_WARN_OBJC_LITERAL_CONVERSION = YES;
				CLANG_WARN_OBJC_ROOT_CLASS = YES_ERROR;
				CLANG_WARN_QUOTED_INCLUDE_IN_FRAMEWORK_HEADER = YES;
				CLANG_WARN_RANGE_LOOP_ANALYSIS = YES;
				CLANG_WARN_STRICT_PROTOTYPES = YES;
				CLANG_WARN_SUSPICIOUS_MOVE = YES;
				CLANG_WARN_UNGUARDED_AVAILABILITY = YES_AGGRESSIVE;
				CLANG_WARN_UNREACHABLE_CODE = YES;
				CLANG_WARN__DUPLICATE_METHOD_MATCH = YES;
				COPY_PHASE_STRIP = NO;
				DEBUG_INFORMATION_FORMAT = "dwarf-with-dsym";
				ENABLE_NS_ASSERTIONS = NO;
				ENABLE_STRICT_OBJC_MSGSEND = YES;
				GCC_C_LANGUAGE_STANDARD = gnu11;
				GCC_NO_COMMON_BLOCKS = YES;
				GCC_WARN_64_TO_32_BIT_CONVERSION = YES;
				GCC_WARN_ABOUT_RETURN_TYPE = YES_ERROR;
				GCC_WARN_UNDECLARED_SELECTOR = YES;
				GCC_WARN_UNINITIALIZED_AUTOS = YES_AGGRESSIVE;
				GCC_WARN_UNUSED_FUNCTION = YES;
				GCC_WARN_UNUSED_VARIABLE = YES;
				IPHONEOS_DEPLOYMENT_TARGET = 16.0;
				MTL_ENABLE_DEBUG_INFO = NO;
				MTL_FAST_MATH = YES;
				SDKROOT = iphoneos;
				SWIFT_COMPILATION_MODE = wholemodule;
				SWIFT_OPTIMIZATION_LEVEL = "-O";
				VALIDATE_PRODUCT = YES;
			};
			name = Release;
		};
		F62D526C2935ACAB00C608A4 /* Debug */ = {
			isa = XCBuildConfiguration;
			buildSettings = {
				ASSETCATALOG_COMPILER_APPICON_NAME = AppIcon;
				ASSETCATALOG_COMPILER_GLOBAL_ACCENT_COLOR_NAME = AccentColor;
				CODE_SIGN_STYLE = Automatic;
				CURRENT_PROJECT_VERSION = 1;
				DEVELOPMENT_ASSET_PATHS = "\"ViewBuilders/Preview Content\"";
				DEVELOPMENT_TEAM = 94K2K33P88;
				ENABLE_PREVIEWS = YES;
				GENERATE_INFOPLIST_FILE = YES;
				INFOPLIST_KEY_UIApplicationSceneManifest_Generation = YES;
				INFOPLIST_KEY_UIApplicationSupportsIndirectInputEvents = YES;
				INFOPLIST_KEY_UILaunchScreen_Generation = YES;
				INFOPLIST_KEY_UISupportedInterfaceOrientations_iPad = "UIInterfaceOrientationPortrait UIInterfaceOrientationPortraitUpsideDown UIInterfaceOrientationLandscapeLeft UIInterfaceOrientationLandscapeRight";
				INFOPLIST_KEY_UISupportedInterfaceOrientations_iPhone = "UIInterfaceOrientationPortrait UIInterfaceOrientationLandscapeLeft UIInterfaceOrientationLandscapeRight";
				LD_RUNPATH_SEARCH_PATHS = (
					"$(inherited)",
					"@executable_path/Frameworks",
				);
				MARKETING_VERSION = 1.0;
				PRODUCT_BUNDLE_IDENTIFIER = com.hyoungbin.ViewBuilders;
				PRODUCT_NAME = "$(TARGET_NAME)";
				SWIFT_EMIT_LOC_STRINGS = YES;
				SWIFT_VERSION = 5.0;
				TARGETED_DEVICE_FAMILY = "1,2";
			};
			name = Debug;
		};
		F62D526D2935ACAB00C608A4 /* Release */ = {
			isa = XCBuildConfiguration;
			buildSettings = {
				ASSETCATALOG_COMPILER_APPICON_NAME = AppIcon;
				ASSETCATALOG_COMPILER_GLOBAL_ACCENT_COLOR_NAME = AccentColor;
				CODE_SIGN_STYLE = Automatic;
				CURRENT_PROJECT_VERSION = 1;
				DEVELOPMENT_ASSET_PATHS = "\"ViewBuilders/Preview Content\"";
				DEVELOPMENT_TEAM = 94K2K33P88;
				ENABLE_PREVIEWS = YES;
				GENERATE_INFOPLIST_FILE = YES;
				INFOPLIST_KEY_UIApplicationSceneManifest_Generation = YES;
				INFOPLIST_KEY_UIApplicationSupportsIndirectInputEvents = YES;
				INFOPLIST_KEY_UILaunchScreen_Generation = YES;
				INFOPLIST_KEY_UISupportedInterfaceOrientations_iPad = "UIInterfaceOrientationPortrait UIInterfaceOrientationPortraitUpsideDown UIInterfaceOrientationLandscapeLeft UIInterfaceOrientationLandscapeRight";
				INFOPLIST_KEY_UISupportedInterfaceOrientations_iPhone = "UIInterfaceOrientationPortrait UIInterfaceOrientationLandscapeLeft UIInterfaceOrientationLandscapeRight";
				LD_RUNPATH_SEARCH_PATHS = (
					"$(inherited)",
					"@executable_path/Frameworks",
				);
				MARKETING_VERSION = 1.0;
				PRODUCT_BUNDLE_IDENTIFIER = com.hyoungbin.ViewBuilders;
				PRODUCT_NAME = "$(TARGET_NAME)";
				SWIFT_EMIT_LOC_STRINGS = YES;
				SWIFT_VERSION = 5.0;
				TARGETED_DEVICE_FAMILY = "1,2";
			};
			name = Release;
		};
		F62D526F2935ACAB00C608A4 /* Debug */ = {
			isa = XCBuildConfiguration;
			buildSettings = {
				ALWAYS_EMBED_SWIFT_STANDARD_LIBRARIES = YES;
				BUNDLE_LOADER = "$(TEST_HOST)";
				CODE_SIGN_STYLE = Automatic;
				CURRENT_PROJECT_VERSION = 1;
				DEVELOPMENT_TEAM = 94K2K33P88;
				GENERATE_INFOPLIST_FILE = YES;
				IPHONEOS_DEPLOYMENT_TARGET = 16.0;
				MARKETING_VERSION = 1.0;
				PRODUCT_BUNDLE_IDENTIFIER = com.hyoungbin.ViewBuildersTests;
				PRODUCT_NAME = "$(TARGET_NAME)";
				SWIFT_EMIT_LOC_STRINGS = NO;
				SWIFT_VERSION = 5.0;
				TARGETED_DEVICE_FAMILY = "1,2";
				TEST_HOST = "$(BUILT_PRODUCTS_DIR)/ViewBuilders.app/$(BUNDLE_EXECUTABLE_FOLDER_PATH)/ViewBuilders";
			};
			name = Debug;
		};
		F62D52702935ACAB00C608A4 /* Release */ = {
			isa = XCBuildConfiguration;
			buildSettings = {
				ALWAYS_EMBED_SWIFT_STANDARD_LIBRARIES = YES;
				BUNDLE_LOADER = "$(TEST_HOST)";
				CODE_SIGN_STYLE = Automatic;
				CURRENT_PROJECT_VERSION = 1;
				DEVELOPMENT_TEAM = 94K2K33P88;
				GENERATE_INFOPLIST_FILE = YES;
				IPHONEOS_DEPLOYMENT_TARGET = 16.0;
				MARKETING_VERSION = 1.0;
				PRODUCT_BUNDLE_IDENTIFIER = com.hyoungbin.ViewBuildersTests;
				PRODUCT_NAME = "$(TARGET_NAME)";
				SWIFT_EMIT_LOC_STRINGS = NO;
				SWIFT_VERSION = 5.0;
				TARGETED_DEVICE_FAMILY = "1,2";
				TEST_HOST = "$(BUILT_PRODUCTS_DIR)/ViewBuilders.app/$(BUNDLE_EXECUTABLE_FOLDER_PATH)/ViewBuilders";
			};
			name = Release;
		};
		F62D52722935ACAB00C608A4 /* Debug */ = {
			isa = XCBuildConfiguration;
			buildSettings = {
				ALWAYS_EMBED_SWIFT_STANDARD_LIBRARIES = YES;
				CODE_SIGN_STYLE = Automatic;
				CURRENT_PROJECT_VERSION = 1;
				DEVELOPMENT_TEAM = 94K2K33P88;
				GENERATE_INFOPLIST_FILE = YES;
				MARKETING_VERSION = 1.0;
				PRODUCT_BUNDLE_IDENTIFIER = com.hyoungbin.ViewBuildersUITests;
				PRODUCT_NAME = "$(TARGET_NAME)";
				SWIFT_EMIT_LOC_STRINGS = NO;
				SWIFT_VERSION = 5.0;
				TARGETED_DEVICE_FAMILY = "1,2";
				TEST_TARGET_NAME = ViewBuilders;
			};
			name = Debug;
		};
		F62D52732935ACAB00C608A4 /* Release */ = {
			isa = XCBuildConfiguration;
			buildSettings = {
				ALWAYS_EMBED_SWIFT_STANDARD_LIBRARIES = YES;
				CODE_SIGN_STYLE = Automatic;
				CURRENT_PROJECT_VERSION = 1;
				DEVELOPMENT_TEAM = 94K2K33P88;
				GENERATE_INFOPLIST_FILE = YES;
				MARKETING_VERSION = 1.0;
				PRODUCT_BUNDLE_IDENTIFIER = com.hyoungbin.ViewBuildersUITests;
				PRODUCT_NAME = "$(TARGET_NAME)";
				SWIFT_EMIT_LOC_STRINGS = NO;
				SWIFT_VERSION = 5.0;
				TARGETED_DEVICE_FAMILY = "1,2";
				TEST_TARGET_NAME = ViewBuilders;
			};
			name = Release;
		};
/* End XCBuildConfiguration section */

/* Begin XCConfigurationList section */
		F62D52422935ACAA00C608A4 /* Build configuration list for PBXProject "ViewBuilders" */ = {
			isa = XCConfigurationList;
			buildConfigurations = (
				F62D52692935ACAB00C608A4 /* Debug */,
				F62D526A2935ACAB00C608A4 /* Release */,
			);
			defaultConfigurationIsVisible = 0;
			defaultConfigurationName = Release;
		};
		F62D526B2935ACAB00C608A4 /* Build configuration list for PBXNativeTarget "ViewBuilders" */ = {
			isa = XCConfigurationList;
			buildConfigurations = (
				F62D526C2935ACAB00C608A4 /* Debug */,
				F62D526D2935ACAB00C608A4 /* Release */,
			);
			defaultConfigurationIsVisible = 0;
			defaultConfigurationName = Release;
		};
		F62D526E2935ACAB00C608A4 /* Build configuration list for PBXNativeTarget "ViewBuildersTests" */ = {
			isa = XCConfigurationList;
			buildConfigurations = (
				F62D526F2935ACAB00C608A4 /* Debug */,
				F62D52702935ACAB00C608A4 /* Release */,
			);
			defaultConfigurationIsVisible = 0;
			defaultConfigurationName = Release;
		};
		F62D52712935ACAB00C608A4 /* Build configuration list for PBXNativeTarget "ViewBuildersUITests" */ = {
			isa = XCConfigurationList;
			buildConfigurations = (
				F62D52722935ACAB00C608A4 /* Debug */,
				F62D52732935ACAB00C608A4 /* Release */,
			);
			defaultConfigurationIsVisible = 0;
			defaultConfigurationName = Release;
		};
/* End XCConfigurationList section */
	};
	rootObject = F62D523F2935ACAA00C608A4 /* Project object */;
}
